{
  "name": "xlsx",
  "lockfileVersion": 2,
  "requires": true,
  "packages": {
    "": {
      "dependencies": {
        "xlsx-template": "^1.3.2"
      }
    },
    "node_modules/elementtree": {
      "version": "0.1.6",
      "resolved": "https://registry.npmjs.org/elementtree/-/elementtree-0.1.6.tgz",
      "integrity": "sha1-KsTEbqMFFsjEy9teOsdBjlkt4gw=",
      "dependencies": {
        "sax": "0.3.5"
      },
      "engines": {
        "node": ">= 0.4.0"
      }
    },
    "node_modules/image-size": {
      "version": "0.3.5",
      "resolved": "https://registry.npmjs.org/image-size/-/image-size-0.3.5.tgz",
      "integrity": "sha1-gyQOqy+1sAsEqrjHSwRx6cunrYw=",
      "bin": {
        "image-size": "bin/image-size"
      },
      "engines": {
        "node": ">=0.10.0"
      }
    },
    "node_modules/jszip": {
      "version": "2.6.1",
      "resolved": "https://registry.npmjs.org/jszip/-/jszip-2.6.1.tgz",
      "integrity": "sha1-uI86ey5noqBIFSmCx6N1bZxIKPA=",
      "dependencies": {
        "pako": "~1.0.2"
      }
    },
    "node_modules/pako": {
      "version": "1.0.11",
      "resolved": "https://registry.npmjs.org/pako/-/pako-1.0.11.tgz",
      "integrity": "sha512-4hLB8Py4zZce5s4yd9XzopqwVv/yGNhV1Bl8NTmCq1763HeK2+EwVTv+leGeL13Dnh2wfbqowVPXCIO0z4taYw=="
    },
    "node_modules/sax": {
      "version": "0.3.5",
      "resolved": "https://registry.npmjs.org/sax/-/sax-0.3.5.tgz",
      "integrity": "sha1-iPz8H3PAyLvVt8d2ttPzUB7tBz0=",
      "engines": {
        "node": "*"
      }
    },
    "node_modules/xlsx-template": {
      "version": "1.3.2",
      "resolved": "https://registry.npmjs.org/xlsx-template/-/xlsx-template-1.3.2.tgz",
      "integrity": "sha512-q0ldqDXm8mMaHwinLp4e9ywVf0wbpFXLtrX/C1hFEd3+w95rPDE5jFREyr0LdHAhR+4SR3GrL3l3O/wkO5UmjQ==",
      "dependencies": {
        "elementtree": "0.1.6",
        "image-size": "^0.3.5",
        "jszip": "^2.6.1"
      }
    }
  },
  "dependencies": {
    "elementtree": {
      "version": "0.1.6",
      "resolved": "https://registry.npmjs.org/elementtree/-/elementtree-0.1.6.tgz",
      "integrity": "sha1-KsTEbqMFFsjEy9teOsdBjlkt4gw=",
      "requires": {
        "sax": "0.3.5"
      }
    },
    "image-size": {
      "version": "0.3.5",
      "resolved": "https://registry.npmjs.org/image-size/-/image-size-0.3.5.tgz",
      "integrity": "sha1-gyQOqy+1sAsEqrjHSwRx6cunrYw="
    },
    "jszip": {
      "version": "2.6.1",
      "resolved": "https://registry.npmjs.org/jszip/-/jszip-2.6.1.tgz",
      "integrity": "sha1-uI86ey5noqBIFSmCx6N1bZxIKPA=",
      "requires": {
        "pako": "~1.0.2"
      }
    },
    "pako": {
      "version": "1.0.11",
      "resolved": "https://registry.npmjs.org/pako/-/pako-1.0.11.tgz",
      "integrity": "sha512-4hLB8Py4zZce5s4yd9XzopqwVv/yGNhV1Bl8NTmCq1763HeK2+EwVTv+leGeL13Dnh2wfbqowVPXCIO0z4taYw=="
    },
    "sax": {
      "version": "0.3.5",
      "resolved": "https://registry.npmjs.org/sax/-/sax-0.3.5.tgz",
      "integrity": "sha1-iPz8H3PAyLvVt8d2ttPzUB7tBz0="
    },
    "xlsx-template": {
      "version": "1.3.2",
      "resolved": "https://registry.npmjs.org/xlsx-template/-/xlsx-template-1.3.2.tgz",
      "integrity": "sha512-q0ldqDXm8mMaHwinLp4e9ywVf0wbpFXLtrX/C1hFEd3+w95rPDE5jFREyr0LdHAhR+4SR3GrL3l3O/wkO5UmjQ==",
      "requires": {
        "elementtree": "0.1.6",
        "image-size": "^0.3.5",
        "jszip": "^2.6.1"
      }
    }
  }
}
